
Microsoft Visual Studio Solution File, Format Version 12.00
# Visual Studio Version 17
VisualStudioVersion = 17.4.33213.308
MinimumVisualStudioVersion = 10.0.40219.1
Project("{FAE04EC0-301F-11D3-BF4B-00C04F79EFBC}") = "AppBancoDigital.Android", "AppBancoDigital\AppBancoDigital.Android\AppBancoDigital.Android.csproj", "{9A10F51C-ECED-47A9-8AE1-C2031E74709F}"
EndProject
Project("{FAE04EC0-301F-11D3-BF4B-00C04F79EFBC}") = "AppBancoDigital", "AppBancoDigital\AppBancoDigital\AppBancoDigital.csproj", "{CAA78AE2-D489-4EED-B6AF-99B1C5883453}"
EndProject
Global
	GlobalSection(SolutionConfigurationPlatforms) = preSolution
		Debug|Any CPU = Debug|Any CPU
		Release|Any CPU = Release|Any CPU
	EndGlobalSection
	GlobalSection(ProjectConfigurationPlatforms) = postSolution
		{9A10F51C-ECED-47A9-8AE1-C2031E74709F}.Debug|Any CPU.ActiveCfg = Debug|Any CPU
		{9A10F51C-ECED-47A9-8AE1-C2031E74709F}.Debug|Any CPU.Build.0 = Debug|Any CPU
		{9A10F51C-ECED-47A9-8AE1-C2031E74709F}.Debug|Any CPU.Deploy.0 = Debug|Any CPU
		{9A10F51C-ECED-47A9-8AE1-C2031E74709F}.Release|Any CPU.ActiveCfg = Release|Any CPU
		{9A10F51C-ECED-47A9-8AE1-C2031E74709F}.Release|Any CPU.Build.0 = Release|Any CPU
		{9A10F51C-ECED-47A9-8AE1-C2031E74709F}.Release|Any CPU.Deploy.0 = Release|Any CPU
		{CAA78AE2-D489-4EED-B6AF-99B1C5883453}.Debug|Any CPU.ActiveCfg = Debug|Any CPU
		{CAA78AE2-D489-4EED-B6AF-99B1C5883453}.Debug|Any CPU.Build.0 = Debug|Any CPU
		{CAA78AE2-D489-4EED-B6AF-99B1C5883453}.Debug|Any CPU.Deploy.0 = Debug|Any CPU
		{CAA78AE2-D489-4EED-B6AF-99B1C5883453}.Release|Any CPU.ActiveCfg = Release|Any CPU
		{CAA78AE2-D489-4EED-B6AF-99B1C5883453}.Release|Any CPU.Build.0 = Release|Any CPU
		{CAA78AE2-D489-4EED-B6AF-99B1C5883453}.Release|Any CPU.Deploy.0 = Release|Any CPU
	EndGlobalSection
	GlobalSection(SolutionProperties) = preSolution
		HideSolutionNode = FALSE
	EndGlobalSection
	GlobalSection(ExtensibilityGlobals) = postSolution
		SolutionGuid = {48AF27EB-6185-4578-9905-3F28386977FC}
	EndGlobalSection
EndGlobal
